
Microsoft Visual Studio Solution File, Format Version 12.00
# Visual Studio 14
VisualStudioVersion = 14.0.25420.1
MinimumVisualStudioVersion = 10.0.40219.1
Project("{FAE04EC0-301F-11D3-BF4B-00C04F79EFBC}") = "FizzBuzzApp", "FizzBuzzApp\FizzBuzzApp.csproj", "{AB338C3D-9AA4-4BBD-A11B-A8CA646DB501}"
EndProject
Project("{FAE04EC0-301F-11D3-BF4B-00C04F79EFBC}") = "UnitTestProject1", "UnitTestProject1\UnitTestProject1.csproj", "{95D56CF4-DFFA-4472-934B-2CE0B532E3B1}"
EndProject
Project("{FAE04EC0-301F-11D3-BF4B-00C04F79EFBC}") = "FizzBuzzTests", "..\FizzBuzzTests\FizzBuzzTests\FizzBuzzTests.csproj", "{94AA5C97-FAEE-44CE-96B4-373D31872FE7}"
EndProject
Global
	GlobalSection(SolutionConfigurationPlatforms) = preSolution
		Debug|Any CPU = Debug|Any CPU
		Release|Any CPU = Release|Any CPU
	EndGlobalSection
	GlobalSection(ProjectConfigurationPlatforms) = postSolution
		{AB338C3D-9AA4-4BBD-A11B-A8CA646DB501}.Debug|Any CPU.ActiveCfg = Debug|Any CPU
		{AB338C3D-9AA4-4BBD-A11B-A8CA646DB501}.Debug|Any CPU.Build.0 = Debug|Any CPU
		{AB338C3D-9AA4-4BBD-A11B-A8CA646DB501}.Release|Any CPU.ActiveCfg = Release|Any CPU
		{AB338C3D-9AA4-4BBD-A11B-A8CA646DB501}.Release|Any CPU.Build.0 = Release|Any CPU
		{95D56CF4-DFFA-4472-934B-2CE0B532E3B1}.Debug|Any CPU.ActiveCfg = Debug|Any CPU
		{95D56CF4-DFFA-4472-934B-2CE0B532E3B1}.Debug|Any CPU.Build.0 = Debug|Any CPU
		{95D56CF4-DFFA-4472-934B-2CE0B532E3B1}.Release|Any CPU.ActiveCfg = Release|Any CPU
		{95D56CF4-DFFA-4472-934B-2CE0B532E3B1}.Release|Any CPU.Build.0 = Release|Any CPU
		{94AA5C97-FAEE-44CE-96B4-373D31872FE7}.Debug|Any CPU.ActiveCfg = Debug|Any CPU
		{94AA5C97-FAEE-44CE-96B4-373D31872FE7}.Debug|Any CPU.Build.0 = Debug|Any CPU
		{94AA5C97-FAEE-44CE-96B4-373D31872FE7}.Release|Any CPU.ActiveCfg = Release|Any CPU
		{94AA5C97-FAEE-44CE-96B4-373D31872FE7}.Release|Any CPU.Build.0 = Release|Any CPU
	EndGlobalSection
	GlobalSection(SolutionProperties) = preSolution
		HideSolutionNode = FALSE
	EndGlobalSection
EndGlobal
